
Microsoft Visual Studio Solution File, Format Version 12.00
# Visual Studio Version 17
VisualStudioVersion = 17.1.32210.238
MinimumVisualStudioVersion = 10.0.40219.1
Project("{FAE04EC0-301F-11D3-BF4B-00C04F79EFBC}") = "Zelta", "Zelta.csproj", "{C92A4C2E-B68F-4771-B8B9-976F0AA98342}"
EndProject
Global
	GlobalSection(SolutionConfigurationPlatforms) = preSolution
		Debug|Any CPU = Debug|Any CPU
		Release|Any CPU = Release|Any CPU
	EndGlobalSection
	GlobalSection(ProjectConfigurationPlatforms) = postSolution
		{C92A4C2E-B68F-4771-B8B9-976F0AA98342}.Debug|Any CPU.ActiveCfg = Debug|Any CPU
		{C92A4C2E-B68F-4771-B8B9-976F0AA98342}.Debug|Any CPU.Build.0 = Debug|Any CPU
		{C92A4C2E-B68F-4771-B8B9-976F0AA98342}.Release|Any CPU.ActiveCfg = Release|Any CPU
		{C92A4C2E-B68F-4771-B8B9-976F0AA98342}.Release|Any CPU.Build.0 = Release|Any CPU
	EndGlobalSection
	GlobalSection(SolutionProperties) = preSolution
		HideSolutionNode = FALSE
	EndGlobalSection
	GlobalSection(ExtensibilityGlobals) = postSolution
		SolutionGuid = {D570D62C-1A04-4659-A188-DCBC860618E0}
	EndGlobalSection
EndGlobal
